
Microsoft Visual Studio Solution File, Format Version 12.00
# Visual Studio Version 16
VisualStudioVersion = 16.0.32407.337
MinimumVisualStudioVersion = 10.0.40219.1
Project("{E24C65DC-7377-472B-9ABA-BC803B73C61A}") = "WEB", "WEB\", "{B4283D06-1A8A-4D55-9D2D-229AC82FE90C}"
	ProjectSection(WebsiteProperties) = preProject
		TargetFrameworkMoniker = ".NETFramework,Version%3Dv4.0"
		ProjectReferences = "{783a345f-6c1f-4443-a047-bcf45fbca086}|PMS.dll;"
		Debug.AspNetCompiler.VirtualPath = "/localhost_56984"
		Debug.AspNetCompiler.PhysicalPath = "WEB\"
		Debug.AspNetCompiler.TargetPath = "PrecompiledWeb\localhost_56984\"
		Debug.AspNetCompiler.Updateable = "true"
		Debug.AspNetCompiler.ForceOverwrite = "true"
		Debug.AspNetCompiler.FixedNames = "false"
		Debug.AspNetCompiler.Debug = "True"
		Release.AspNetCompiler.VirtualPath = "/localhost_56984"
		Release.AspNetCompiler.PhysicalPath = "WEB\"
		Release.AspNetCompiler.TargetPath = "PrecompiledWeb\localhost_56984\"
		Release.AspNetCompiler.Updateable = "true"
		Release.AspNetCompiler.ForceOverwrite = "true"
		Release.AspNetCompiler.FixedNames = "false"
		Release.AspNetCompiler.Debug = "False"
		VWDPort = "56984"
		SlnRelativePath = "WEB\"
	EndProjectSection
EndProject
Project("{FAE04EC0-301F-11D3-BF4B-00C04F79EFBC}") = "PMS", "PMS\PMS.csproj", "{783A345F-6C1F-4443-A047-BCF45FBCA086}"
EndProject
Project("{FAE04EC0-301F-11D3-BF4B-00C04F79EFBC}") = "FTS.Lucene", "FTS.Lucene\FTS.Lucene.csproj", "{FAEE87AD-FDDB-401F-80DA-3E6C0AFD5021}"
EndProject
Global
	GlobalSection(SolutionConfigurationPlatforms) = preSolution
		Debug|Any CPU = Debug|Any CPU
		Release|Any CPU = Release|Any CPU
	EndGlobalSection
	GlobalSection(ProjectConfigurationPlatforms) = postSolution
		{B4283D06-1A8A-4D55-9D2D-229AC82FE90C}.Debug|Any CPU.ActiveCfg = Debug|Any CPU
		{B4283D06-1A8A-4D55-9D2D-229AC82FE90C}.Debug|Any CPU.Build.0 = Debug|Any CPU
		{B4283D06-1A8A-4D55-9D2D-229AC82FE90C}.Release|Any CPU.ActiveCfg = Debug|Any CPU
		{B4283D06-1A8A-4D55-9D2D-229AC82FE90C}.Release|Any CPU.Build.0 = Debug|Any CPU
		{783A345F-6C1F-4443-A047-BCF45FBCA086}.Debug|Any CPU.ActiveCfg = Debug|Any CPU
		{783A345F-6C1F-4443-A047-BCF45FBCA086}.Debug|Any CPU.Build.0 = Debug|Any CPU
		{783A345F-6C1F-4443-A047-BCF45FBCA086}.Release|Any CPU.ActiveCfg = Release|Any CPU
		{783A345F-6C1F-4443-A047-BCF45FBCA086}.Release|Any CPU.Build.0 = Release|Any CPU
		{FAEE87AD-FDDB-401F-80DA-3E6C0AFD5021}.Debug|Any CPU.ActiveCfg = Debug|Any CPU
		{FAEE87AD-FDDB-401F-80DA-3E6C0AFD5021}.Debug|Any CPU.Build.0 = Debug|Any CPU
		{FAEE87AD-FDDB-401F-80DA-3E6C0AFD5021}.Release|Any CPU.ActiveCfg = Release|Any CPU
		{FAEE87AD-FDDB-401F-80DA-3E6C0AFD5021}.Release|Any CPU.Build.0 = Release|Any CPU
	EndGlobalSection
	GlobalSection(SolutionProperties) = preSolution
		HideSolutionNode = FALSE
	EndGlobalSection
	GlobalSection(ExtensibilityGlobals) = postSolution
		SolutionGuid = {DC80930E-E1CD-4CD0-ADED-EB18DAE77971}
	EndGlobalSection
EndGlobal
